{
  "name": "circleci-node-run",
  "version": "0.0.0-auto",
  "lockfileVersion": 1,
  "requires": true,
  "dependencies": {
    "@types/node": {
      "version": "16.0.1",
      "resolved": "https://registry.npmjs.org/@types/node/-/node-16.0.1.tgz",
      "integrity": "sha512-hBOx4SUlEPKwRi6PrXuTGw1z6lz0fjsibcWCM378YxsSu/6+C30L6CR49zIBKHiwNWCYIcOLjg4OHKZaFeLAug==",
      "dev": true
    },
    "axios": {
      "version": "0.21.1",
      "resolved": "https://registry.npmjs.org/axios/-/axios-0.21.1.tgz",
      "integrity": "sha512-dKQiRHxGD9PPRIUNIWvZhPTPpl1rf/OxTYKsqKUDjBwYylTvV7SjSHJb9ratfyzM6wCdLCOYLzs73qpg5c4iGA==",
      "requires": {
        "follow-redirects": "^1.10.0"
      }
    },
    "circleci-typescript-axios": {
      "version": "0.1.2",
      "resolved": "https://registry.npmjs.org/circleci-typescript-axios/-/circleci-typescript-axios-0.1.2.tgz",
      "integrity": "sha512-C2ItTcBDIMetRldGWkVk/jEpPHTi9xWGRqiaYoG6Cx/C6vL0biP45n1BDFNAaOHaDXVd/+fJPoWZ6k4rRQ918A==",
      "requires": {
        "@types/node": "^14.0.23",
        "axios": "^0.21.0"
      },
      "dependencies": {
        "@types/node": {
          "version": "14.17.5",
          "resolved": "https://registry.npmjs.org/@types/node/-/node-14.17.5.tgz",
          "integrity": "sha512-bjqH2cX/O33jXT/UmReo2pM7DIJREPMnarixbQ57DOOzzFaI6D2+IcwaJQaJpv0M1E9TIhPCYVxrkcityLjlqA=="
        }
      }
    },
    "follow-redirects": {
      "version": "1.14.1",
      "resolved": "https://registry.npmjs.org/follow-redirects/-/follow-redirects-1.14.1.tgz",
      "integrity": "sha512-HWqDgT7ZEkqRzBvc2s64vSZ/hfOceEol3ac/7tKwzuvEyWx3/4UegXh5oBOIotkGsObyk3xznnSRVADBgWSQVg=="
    },
    "typescript": {
      "version": "4.3.5",
      "resolved": "https://registry.npmjs.org/typescript/-/typescript-4.3.5.tgz",
      "integrity": "sha512-DqQgihaQ9cUrskJo9kIyW/+g0Vxsk8cDtZ52a3NGh0YNTfpUSArXSohyUGnvbPazEPLu398C0UxmKSOrPumUzA==",
      "dev": true
    }
  }
}
